// !$*UTF8*$!
{
	archiveVersion = 1;
	classes = {
	};
	objectVersion = 56;
	objects = {

/* Begin PBXBuildFile section */
		9B00CE882B613A3C0067AC57 /* ProfileStructure.swift in Sources */ = {isa = PBXBuildFile; fileRef = 9B00CE872B613A3C0067AC57 /* ProfileStructure.swift */; };
		9B0991DD2B64F25A0084B60A /* ChangeThemeSubview.swift in Sources */ = {isa = PBXBuildFile; fileRef = 9B0991DC2B64F25A0084B60A /* ChangeThemeSubview.swift */; };
		9B0991DF2B64F67A0084B60A /* Themes.swift in Sources */ = {isa = PBXBuildFile; fileRef = 9B0991DE2B64F67A0084B60A /* Themes.swift */; };
		9B0991E52B6518650084B60A /* DataModel.xcdatamodeld in Sources */ = {isa = PBXBuildFile; fileRef = 9B0991E32B6518650084B60A /* DataModel.xcdatamodeld */; };
		9B0991E72B651ACB0084B60A /* CoreData.swift in Sources */ = {isa = PBXBuildFile; fileRef = 9B0991E62B651ACB0084B60A /* CoreData.swift */; };
		9B2E207A2B434862005AD0E5 /* AppDelegate.swift in Sources */ = {isa = PBXBuildFile; fileRef = 9B2E20792B434862005AD0E5 /* AppDelegate.swift */; };
		9B2E207C2B434862005AD0E5 /* SceneDelegate.swift in Sources */ = {isa = PBXBuildFile; fileRef = 9B2E207B2B434862005AD0E5 /* SceneDelegate.swift */; };
		9B2E207E2B434862005AD0E5 /* ViewController.swift in Sources */ = {isa = PBXBuildFile; fileRef = 9B2E207D2B434862005AD0E5 /* ViewController.swift */; };
		9B2E20832B434864005AD0E5 /* Assets.xcassets in Resources */ = {isa = PBXBuildFile; fileRef = 9B2E20822B434864005AD0E5 /* Assets.xcassets */; };
		9B2E20862B434864005AD0E5 /* LaunchScreen.storyboard in Resources */ = {isa = PBXBuildFile; fileRef = 9B2E20842B434864005AD0E5 /* LaunchScreen.storyboard */; };
		9B4BA0722B529842005747BF /* FriendsView.swift in Sources */ = {isa = PBXBuildFile; fileRef = 9B4BA0712B529842005747BF /* FriendsView.swift */; };
		9B4BA0742B529861005747BF /* GroupsView.swift in Sources */ = {isa = PBXBuildFile; fileRef = 9B4BA0732B529861005747BF /* GroupsView.swift */; };
		9B4BA0762B52988B005747BF /* FriendsTableCell.swift in Sources */ = {isa = PBXBuildFile; fileRef = 9B4BA0752B52988B005747BF /* FriendsTableCell.swift */; };
		9B4BA0782B5298BE005747BF /* PhotosView.swift in Sources */ = {isa = PBXBuildFile; fileRef = 9B4BA0772B5298BE005747BF /* PhotosView.swift */; };
		9B4BA07C2B52B83B005747BF /* CustomCellForGroups.swift in Sources */ = {isa = PBXBuildFile; fileRef = 9B4BA07B2B52B83B005747BF /* CustomCellForGroups.swift */; };
		9B72E8852B52E400002976F5 /* CustomCellPhotos.swift in Sources */ = {isa = PBXBuildFile; fileRef = 9B72E8842B52E400002976F5 /* CustomCellPhotos.swift */; };
		9B75188E2B6E8BB000E86880 /* MyUITests.swift in Sources */ = {isa = PBXBuildFile; fileRef = 9B75188D2B6E8BB000E86880 /* MyUITests.swift */; };
		9B7518902B6E8BB000E86880 /* MyUITestsLaunchTests.swift in Sources */ = {isa = PBXBuildFile; fileRef = 9B75188F2B6E8BB000E86880 /* MyUITestsLaunchTests.swift */; };
		9B78134D2B6D451A00478C69 /* ProfileViewTests.swift in Sources */ = {isa = PBXBuildFile; fileRef = 9B78134C2B6D451A00478C69 /* ProfileViewTests.swift */; };
		9B788AB82B5BDB6A00BDFACF /* GroupsStructure.swift in Sources */ = {isa = PBXBuildFile; fileRef = 9B788AB72B5BDB6A00BDFACF /* GroupsStructure.swift */; };
		9B788ABA2B5BE8F200BDFACF /* PhotoStructure.swift in Sources */ = {isa = PBXBuildFile; fileRef = 9B788AB92B5BE8F200BDFACF /* PhotoStructure.swift */; };
		9B795C832B6647CB004741C3 /* DateConverter.swift in Sources */ = {isa = PBXBuildFile; fileRef = 9B795C822B6647CB004741C3 /* DateConverter.swift */; };
		9B80D8172B6123EF007CBC6B /* ProfileView.swift in Sources */ = {isa = PBXBuildFile; fileRef = 9B80D8162B6123EF007CBC6B /* ProfileView.swift */; };
		9B9F3E902B598310004907C2 /* NetworkServiceClass.swift in Sources */ = {isa = PBXBuildFile; fileRef = 9B9F3E8F2B598310004907C2 /* NetworkServiceClass.swift */; };
		9B9F3E922B5998D2004907C2 /* FriendsStructure.swift in Sources */ = {isa = PBXBuildFile; fileRef = 9B9F3E912B5998D2004907C2 /* FriendsStructure.swift */; };
/* End PBXBuildFile section */

/* Begin PBXContainerItemProxy section */
		9B7518912B6E8BB000E86880 /* PBXContainerItemProxy */ = {
			isa = PBXContainerItemProxy;
			containerPortal = 9B2E206E2B434862005AD0E5 /* Project object */;
			proxyType = 1;
			remoteGlobalIDString = 9B2E20752B434862005AD0E5;
			remoteInfo = project1;
		};
		9B7813192B6D3F1800478C69 /* PBXContainerItemProxy */ = {
			isa = PBXContainerItemProxy;
			containerPortal = 9B2E206E2B434862005AD0E5 /* Project object */;
			proxyType = 1;
			remoteGlobalIDString = 9B2E20752B434862005AD0E5;
			remoteInfo = project1;
		};
/* End PBXContainerItemProxy section */

/* Begin PBXFileReference section */
		9B00CE872B613A3C0067AC57 /* ProfileStructure.swift */ = {isa = PBXFileReference; lastKnownFileType = sourcecode.swift; path = ProfileStructure.swift; sourceTree = "<group>"; };
		9B0991DC2B64F25A0084B60A /* ChangeThemeSubview.swift */ = {isa = PBXFileReference; lastKnownFileType = sourcecode.swift; path = ChangeThemeSubview.swift; sourceTree = "<group>"; };
		9B0991DE2B64F67A0084B60A /* Themes.swift */ = {isa = PBXFileReference; lastKnownFileType = sourcecode.swift; path = Themes.swift; sourceTree = "<group>"; };
		9B0991E42B6518650084B60A /* DataModel.xcdatamodel */ = {isa = PBXFileReference; lastKnownFileType = wrapper.xcdatamodel; path = DataModel.xcdatamodel; sourceTree = "<group>"; };
		9B0991E62B651ACB0084B60A /* CoreData.swift */ = {isa = PBXFileReference; lastKnownFileType = sourcecode.swift; path = CoreData.swift; sourceTree = "<group>"; };
		9B2E20762B434862005AD0E5 /* project1.app */ = {isa = PBXFileReference; explicitFileType = wrapper.application; includeInIndex = 0; path = project1.app; sourceTree = BUILT_PRODUCTS_DIR; };
		9B2E20792B434862005AD0E5 /* AppDelegate.swift */ = {isa = PBXFileReference; lastKnownFileType = sourcecode.swift; path = AppDelegate.swift; sourceTree = "<group>"; };
		9B2E207B2B434862005AD0E5 /* SceneDelegate.swift */ = {isa = PBXFileReference; lastKnownFileType = sourcecode.swift; path = SceneDelegate.swift; sourceTree = "<group>"; };
		9B2E207D2B434862005AD0E5 /* ViewController.swift */ = {isa = PBXFileReference; lastKnownFileType = sourcecode.swift; path = ViewController.swift; sourceTree = "<group>"; };
		9B2E20822B434864005AD0E5 /* Assets.xcassets */ = {isa = PBXFileReference; lastKnownFileType = folder.assetcatalog; path = Assets.xcassets; sourceTree = "<group>"; };
		9B2E20852B434864005AD0E5 /* Base */ = {isa = PBXFileReference; lastKnownFileType = file.storyboard; name = Base; path = Base.lproj/LaunchScreen.storyboard; sourceTree = "<group>"; };
		9B2E20872B434864005AD0E5 /* Info.plist */ = {isa = PBXFileReference; lastKnownFileType = text.plist.xml; path = Info.plist; sourceTree = "<group>"; };
		9B4BA0712B529842005747BF /* FriendsView.swift */ = {isa = PBXFileReference; lastKnownFileType = sourcecode.swift; name = FriendsView.swift; path = "New Group/FriendsView.swift"; sourceTree = "<group>"; };
		9B4BA0732B529861005747BF /* GroupsView.swift */ = {isa = PBXFileReference; lastKnownFileType = sourcecode.swift; name = GroupsView.swift; path = ../GroupsView.swift; sourceTree = "<group>"; };
		9B4BA0752B52988B005747BF /* FriendsTableCell.swift */ = {isa = PBXFileReference; lastKnownFileType = sourcecode.swift; path = FriendsTableCell.swift; sourceTree = "<group>"; };
		9B4BA0772B5298BE005747BF /* PhotosView.swift */ = {isa = PBXFileReference; lastKnownFileType = sourcecode.swift; name = PhotosView.swift; path = ../PhotosView.swift; sourceTree = "<group>"; };
		9B4BA07B2B52B83B005747BF /* CustomCellForGroups.swift */ = {isa = PBXFileReference; lastKnownFileType = sourcecode.swift; path = CustomCellForGroups.swift; sourceTree = "<group>"; };
		9B72E8842B52E400002976F5 /* CustomCellPhotos.swift */ = {isa = PBXFileReference; lastKnownFileType = sourcecode.swift; path = CustomCellPhotos.swift; sourceTree = "<group>"; };
		9B75188B2B6E8BB000E86880 /* MyUITests.xctest */ = {isa = PBXFileReference; explicitFileType = wrapper.cfbundle; includeInIndex = 0; path = MyUITests.xctest; sourceTree = BUILT_PRODUCTS_DIR; };
		9B75188D2B6E8BB000E86880 /* MyUITests.swift */ = {isa = PBXFileReference; lastKnownFileType = sourcecode.swift; path = MyUITests.swift; sourceTree = "<group>"; };
		9B75188F2B6E8BB000E86880 /* MyUITestsLaunchTests.swift */ = {isa = PBXFileReference; lastKnownFileType = sourcecode.swift; path = MyUITestsLaunchTests.swift; sourceTree = "<group>"; };
		9B7813152B6D3F1800478C69 /* UnitTests.xctest */ = {isa = PBXFileReference; explicitFileType = wrapper.cfbundle; includeInIndex = 0; path = UnitTests.xctest; sourceTree = BUILT_PRODUCTS_DIR; };
		9B78134B2B6D451900478C69 /* UnitTests-Bridging-Header.h */ = {isa = PBXFileReference; lastKnownFileType = sourcecode.c.h; path = "UnitTests-Bridging-Header.h"; sourceTree = "<group>"; };
		9B78134C2B6D451A00478C69 /* ProfileViewTests.swift */ = {isa = PBXFileReference; lastKnownFileType = sourcecode.swift; path = ProfileViewTests.swift; sourceTree = "<group>"; };
		9B788AB72B5BDB6A00BDFACF /* GroupsStructure.swift */ = {isa = PBXFileReference; lastKnownFileType = sourcecode.swift; path = GroupsStructure.swift; sourceTree = "<group>"; };
		9B788AB92B5BE8F200BDFACF /* PhotoStructure.swift */ = {isa = PBXFileReference; lastKnownFileType = sourcecode.swift; path = PhotoStructure.swift; sourceTree = "<group>"; };
		9B795C822B6647CB004741C3 /* DateConverter.swift */ = {isa = PBXFileReference; lastKnownFileType = sourcecode.swift; path = DateConverter.swift; sourceTree = "<group>"; };
		9B80D8162B6123EF007CBC6B /* ProfileView.swift */ = {isa = PBXFileReference; lastKnownFileType = sourcecode.swift; path = ProfileView.swift; sourceTree = "<group>"; };
		9B9F3E8F2B598310004907C2 /* NetworkServiceClass.swift */ = {isa = PBXFileReference; lastKnownFileType = sourcecode.swift; path = NetworkServiceClass.swift; sourceTree = "<group>"; };
		9B9F3E912B5998D2004907C2 /* FriendsStructure.swift */ = {isa = PBXFileReference; lastKnownFileType = sourcecode.swift; path = FriendsStructure.swift; sourceTree = "<group>"; };
/* End PBXFileReference section */

/* Begin PBXFrameworksBuildPhase section */
		9B2E20732B434862005AD0E5 /* Frameworks */ = {
			isa = PBXFrameworksBuildPhase;
			buildActionMask = 2147483647;
			files = (
			);
			runOnlyForDeploymentPostprocessing = 0;
		};
		9B7518882B6E8BB000E86880 /* Frameworks */ = {
			isa = PBXFrameworksBuildPhase;
			buildActionMask = 2147483647;
			files = (
			);
			runOnlyForDeploymentPostprocessing = 0;
		};
		9B7813122B6D3F1800478C69 /* Frameworks */ = {
			isa = PBXFrameworksBuildPhase;
			buildActionMask = 2147483647;
			files = (
			);
			runOnlyForDeploymentPostprocessing = 0;
		};
/* End PBXFrameworksBuildPhase section */

/* Begin PBXGroup section */
		9B2E206D2B434862005AD0E5 = {
			isa = PBXGroup;
			children = (
				9B2E20782B434862005AD0E5 /* project1 */,
				9B7813162B6D3F1800478C69 /* UnitTests */,
				9B75188C2B6E8BB000E86880 /* MyUITests */,
				9B2E20772B434862005AD0E5 /* Products */,
			);
			sourceTree = "<group>";
		};
		9B2E20772B434862005AD0E5 /* Products */ = {
			isa = PBXGroup;
			children = (
				9B2E20762B434862005AD0E5 /* project1.app */,
				9B7813152B6D3F1800478C69 /* UnitTests.xctest */,
				9B75188B2B6E8BB000E86880 /* MyUITests.xctest */,
			);
			name = Products;
			sourceTree = "<group>";
		};
		9B2E20782B434862005AD0E5 /* project1 */ = {
			isa = PBXGroup;
			children = (
				9B2E20792B434862005AD0E5 /* AppDelegate.swift */,
				9B2E207B2B434862005AD0E5 /* SceneDelegate.swift */,
				9B2E207D2B434862005AD0E5 /* ViewController.swift */,
				9B0991E32B6518650084B60A /* DataModel.xcdatamodeld */,
				9B2E20822B434864005AD0E5 /* Assets.xcassets */,
				9B2E20842B434864005AD0E5 /* LaunchScreen.storyboard */,
				9B2E20872B434864005AD0E5 /* Info.plist */,
				9B80D8102B612343007CBC6B /* Views */,
				9B80D8152B6123BC007CBC6B /* CCells */,
				9B80D8142B612398007CBC6B /* Structures */,
				9B9F3E8F2B598310004907C2 /* NetworkServiceClass.swift */,
				9B0991DE2B64F67A0084B60A /* Themes.swift */,
				9B0991E62B651ACB0084B60A /* CoreData.swift */,
				9B795C822B6647CB004741C3 /* DateConverter.swift */,
			);
			path = project1;
			sourceTree = "<group>";
		};
		9B75188C2B6E8BB000E86880 /* MyUITests */ = {
			isa = PBXGroup;
			children = (
				9B75188D2B6E8BB000E86880 /* MyUITests.swift */,
				9B75188F2B6E8BB000E86880 /* MyUITestsLaunchTests.swift */,
			);
			path = MyUITests;
			sourceTree = "<group>";
		};
		9B7813162B6D3F1800478C69 /* UnitTests */ = {
			isa = PBXGroup;
			children = (
				9B78134C2B6D451A00478C69 /* ProfileViewTests.swift */,
				9B78134B2B6D451900478C69 /* UnitTests-Bridging-Header.h */,
			);
			path = UnitTests;
			sourceTree = "<group>";
		};
		9B80D8102B612343007CBC6B /* Views */ = {
			isa = PBXGroup;
			children = (
				9B4BA0712B529842005747BF /* FriendsView.swift */,
				9B0991DC2B64F25A0084B60A /* ChangeThemeSubview.swift */,
				9B4BA0732B529861005747BF /* GroupsView.swift */,
				9B4BA0772B5298BE005747BF /* PhotosView.swift */,
				9B80D8162B6123EF007CBC6B /* ProfileView.swift */,
			);
			name = Views;
			sourceTree = "<group>";
		};
		9B80D8142B612398007CBC6B /* Structures */ = {
			isa = PBXGroup;
			children = (
				9B788AB72B5BDB6A00BDFACF /* GroupsStructure.swift */,
				9B00CE872B613A3C0067AC57 /* ProfileStructure.swift */,
				9B9F3E912B5998D2004907C2 /* FriendsStructure.swift */,
				9B788AB92B5BE8F200BDFACF /* PhotoStructure.swift */,
			);
			name = Structures;
			sourceTree = "<group>";
		};
		9B80D8152B6123BC007CBC6B /* CCells */ = {
			isa = PBXGroup;
			children = (
				9B4BA07B2B52B83B005747BF /* CustomCellForGroups.swift */,
				9B72E8842B52E400002976F5 /* CustomCellPhotos.swift */,
				9B4BA0752B52988B005747BF /* FriendsTableCell.swift */,
			);
			name = CCells;
			sourceTree = "<group>";
		};
/* End PBXGroup section */

/* Begin PBXNativeTarget section */
		9B2E20752B434862005AD0E5 /* project1 */ = {
			isa = PBXNativeTarget;
			buildConfigurationList = 9B2E208A2B434864005AD0E5 /* Build configuration list for PBXNativeTarget "project1" */;
			buildPhases = (
				9B2E20722B434862005AD0E5 /* Sources */,
				9B2E20732B434862005AD0E5 /* Frameworks */,
				9B2E20742B434862005AD0E5 /* Resources */,
			);
			buildRules = (
			);
			dependencies = (
			);
			name = project1;
			productName = project1;
			productReference = 9B2E20762B434862005AD0E5 /* project1.app */;
			productType = "com.apple.product-type.application";
		};
		9B75188A2B6E8BB000E86880 /* MyUITests */ = {
			isa = PBXNativeTarget;
			buildConfigurationList = 9B7518932B6E8BB000E86880 /* Build configuration list for PBXNativeTarget "MyUITests" */;
			buildPhases = (
				9B7518872B6E8BB000E86880 /* Sources */,
				9B7518882B6E8BB000E86880 /* Frameworks */,
				9B7518892B6E8BB000E86880 /* Resources */,
			);
			buildRules = (
			);
			dependencies = (
				9B7518922B6E8BB000E86880 /* PBXTargetDependency */,
			);
			name = MyUITests;
			productName = MyUITests;
			productReference = 9B75188B2B6E8BB000E86880 /* MyUITests.xctest */;
			productType = "com.apple.product-type.bundle.ui-testing";
		};
		9B7813142B6D3F1800478C69 /* UnitTests */ = {
			isa = PBXNativeTarget;
			buildConfigurationList = 9B78131B2B6D3F1800478C69 /* Build configuration list for PBXNativeTarget "UnitTests" */;
			buildPhases = (
				9B7813112B6D3F1800478C69 /* Sources */,
				9B7813122B6D3F1800478C69 /* Frameworks */,
				9B7813132B6D3F1800478C69 /* Resources */,
			);
			buildRules = (
			);
			dependencies = (
				9B78131A2B6D3F1800478C69 /* PBXTargetDependency */,
			);
			name = UnitTests;
			productName = UnitTests;
			productReference = 9B7813152B6D3F1800478C69 /* UnitTests.xctest */;
			productType = "com.apple.product-type.bundle.unit-test";
		};
/* End PBXNativeTarget section */

/* Begin PBXProject section */
		9B2E206E2B434862005AD0E5 /* Project object */ = {
			isa = PBXProject;
			attributes = {
				BuildIndependentTargetsInParallel = 1;
				LastSwiftUpdateCheck = 1510;
				LastUpgradeCheck = 1510;
				TargetAttributes = {
					9B2E20752B434862005AD0E5 = {
						CreatedOnToolsVersion = 15.1;
					};
					9B75188A2B6E8BB000E86880 = {
						CreatedOnToolsVersion = 15.1;
						TestTargetID = 9B2E20752B434862005AD0E5;
					};
					9B7813142B6D3F1800478C69 = {
						CreatedOnToolsVersion = 15.1;
						LastSwiftMigration = 1510;
						TestTargetID = 9B2E20752B434862005AD0E5;
					};
				};
			};
			buildConfigurationList = 9B2E20712B434862005AD0E5 /* Build configuration list for PBXProject "project1" */;
			compatibilityVersion = "Xcode 14.0";
			developmentRegion = en;
			hasScannedForEncodings = 0;
			knownRegions = (
				en,
				Base,
			);
			mainGroup = 9B2E206D2B434862005AD0E5;
			productRefGroup = 9B2E20772B434862005AD0E5 /* Products */;
			projectDirPath = "";
			projectRoot = "";
			targets = (
				9B2E20752B434862005AD0E5 /* project1 */,
				9B7813142B6D3F1800478C69 /* UnitTests */,
				9B75188A2B6E8BB000E86880 /* MyUITests */,
			);
		};
/* End PBXProject section */

/* Begin PBXResourcesBuildPhase section */
		9B2E20742B434862005AD0E5 /* Resources */ = {
			isa = PBXResourcesBuildPhase;
			buildActionMask = 2147483647;
			files = (
				9B2E20862B434864005AD0E5 /* LaunchScreen.storyboard in Resources */,
				9B2E20832B434864005AD0E5 /* Assets.xcassets in Resources */,
			);
			runOnlyForDeploymentPostprocessing = 0;
		};
		9B7518892B6E8BB000E86880 /* Resources */ = {
			isa = PBXResourcesBuildPhase;
			buildActionMask = 2147483647;
			files = (
			);
			runOnlyForDeploymentPostprocessing = 0;
		};
		9B7813132B6D3F1800478C69 /* Resources */ = {
			isa = PBXResourcesBuildPhase;
			buildActionMask = 2147483647;
			files = (
			);
			runOnlyForDeploymentPostprocessing = 0;
		};
/* End PBXResourcesBuildPhase section */

/* Begin PBXSourcesBuildPhase section */
		9B2E20722B434862005AD0E5 /* Sources */ = {
			isa = PBXSourcesBuildPhase;
			buildActionMask = 2147483647;
			files = (
				9B0991DF2B64F67A0084B60A /* Themes.swift in Sources */,
				9B4BA0722B529842005747BF /* FriendsView.swift in Sources */,
				9B0991DD2B64F25A0084B60A /* ChangeThemeSubview.swift in Sources */,
				9B2E207E2B434862005AD0E5 /* ViewController.swift in Sources */,
				9B795C832B6647CB004741C3 /* DateConverter.swift in Sources */,
				9B2E207A2B434862005AD0E5 /* AppDelegate.swift in Sources */,
				9B4BA0782B5298BE005747BF /* PhotosView.swift in Sources */,
				9B2E207C2B434862005AD0E5 /* SceneDelegate.swift in Sources */,
				9B788AB82B5BDB6A00BDFACF /* GroupsStructure.swift in Sources */,
				9B0991E72B651ACB0084B60A /* CoreData.swift in Sources */,
				9B9F3E902B598310004907C2 /* NetworkServiceClass.swift in Sources */,
				9B788ABA2B5BE8F200BDFACF /* PhotoStructure.swift in Sources */,
				9B00CE882B613A3C0067AC57 /* ProfileStructure.swift in Sources */,
				9B4BA0742B529861005747BF /* GroupsView.swift in Sources */,
				9B4BA07C2B52B83B005747BF /* CustomCellForGroups.swift in Sources */,
				9B4BA0762B52988B005747BF /* FriendsTableCell.swift in Sources */,
				9B72E8852B52E400002976F5 /* CustomCellPhotos.swift in Sources */,
				9B0991E52B6518650084B60A /* DataModel.xcdatamodeld in Sources */,
				9B80D8172B6123EF007CBC6B /* ProfileView.swift in Sources */,
				9B9F3E922B5998D2004907C2 /* FriendsStructure.swift in Sources */,
			);
			runOnlyForDeploymentPostprocessing = 0;
		};
		9B7518872B6E8BB000E86880 /* Sources */ = {
			isa = PBXSourcesBuildPhase;
			buildActionMask = 2147483647;
			files = (
				9B7518902B6E8BB000E86880 /* MyUITestsLaunchTests.swift in Sources */,
				9B75188E2B6E8BB000E86880 /* MyUITests.swift in Sources */,
			);
			runOnlyForDeploymentPostprocessing = 0;
		};
		9B7813112B6D3F1800478C69 /* Sources */ = {
			isa = PBXSourcesBuildPhase;
			buildActionMask = 2147483647;
			files = (
				9B78134D2B6D451A00478C69 /* ProfileViewTests.swift in Sources */,
			);
			runOnlyForDeploymentPostprocessing = 0;
		};
/* End PBXSourcesBuildPhase section */

/* Begin PBXTargetDependency section */
		9B7518922B6E8BB000E86880 /* PBXTargetDependency */ = {
			isa = PBXTargetDependency;
			target = 9B2E20752B434862005AD0E5 /* project1 */;
			targetProxy = 9B7518912B6E8BB000E86880 /* PBXContainerItemProxy */;
		};
		9B78131A2B6D3F1800478C69 /* PBXTargetDependency */ = {
			isa = PBXTargetDependency;
			target = 9B2E20752B434862005AD0E5 /* project1 */;
			targetProxy = 9B7813192B6D3F1800478C69 /* PBXContainerItemProxy */;
		};
/* End PBXTargetDependency section */

/* Begin PBXVariantGroup section */
		9B2E20842B434864005AD0E5 /* LaunchScreen.storyboard */ = {
			isa = PBXVariantGroup;
			children = (
				9B2E20852B434864005AD0E5 /* Base */,
			);
			name = LaunchScreen.storyboard;
			sourceTree = "<group>";
		};
/* End PBXVariantGroup section */

/* Begin XCBuildConfiguration section */
		9B2E20882B434864005AD0E5 /* Debug */ = {
			isa = XCBuildConfiguration;
			buildSettings = {
				ALWAYS_SEARCH_USER_PATHS = NO;
				ASSETCATALOG_COMPILER_GENERATE_SWIFT_ASSET_SYMBOL_EXTENSIONS = YES;
				CLANG_ANALYZER_NONNULL = YES;
				CLANG_ANALYZER_NUMBER_OBJECT_CONVERSION = YES_AGGRESSIVE;
				CLANG_CXX_LANGUAGE_STANDARD = "gnu++20";
				CLANG_ENABLE_MODULES = YES;
				CLANG_ENABLE_OBJC_ARC = YES;
				CLANG_ENABLE_OBJC_WEAK = YES;
				CLANG_WARN_BLOCK_CAPTURE_AUTORELEASING = YES;
				CLANG_WARN_BOOL_CONVERSION = YES;
				CLANG_WARN_COMMA = YES;
				CLANG_WARN_CONSTANT_CONVERSION = YES;
				CLANG_WARN_DEPRECATED_OBJC_IMPLEMENTATIONS = YES;
				CLANG_WARN_DIRECT_OBJC_ISA_USAGE = YES_ERROR;
				CLANG_WARN_DOCUMENTATION_COMMENTS = YES;
				CLANG_WARN_EMPTY_BODY = YES;
				CLANG_WARN_ENUM_CONVERSION = YES;
				CLANG_WARN_INFINITE_RECURSION = YES;
				CLANG_WARN_INT_CONVERSION = YES;
				CLANG_WARN_NON_LITERAL_NULL_CONVERSION = YES;
				CLANG_WARN_OBJC_IMPLICIT_RETAIN_SELF = YES;
				CLANG_WARN_OBJC_LITERAL_CONVERSION = YES;
				CLANG_WARN_OBJC_ROOT_CLASS = YES_ERROR;
				CLANG_WARN_QUOTED_INCLUDE_IN_FRAMEWORK_HEADER = YES;
				CLANG_WARN_RANGE_LOOP_ANALYSIS = YES;
				CLANG_WARN_STRICT_PROTOTYPES = YES;
				CLANG_WARN_SUSPICIOUS_MOVE = YES;
				CLANG_WARN_UNGUARDED_AVAILABILITY = YES_AGGRESSIVE;
				CLANG_WARN_UNREACHABLE_CODE = YES;
				CLANG_WARN__DUPLICATE_METHOD_MATCH = YES;
				COPY_PHASE_STRIP = NO;
				DEBUG_INFORMATION_FORMAT = dwarf;
				ENABLE_STRICT_OBJC_MSGSEND = YES;
				ENABLE_TESTABILITY = YES;
				ENABLE_USER_SCRIPT_SANDBOXING = YES;
				GCC_C_LANGUAGE_STANDARD = gnu17;
				GCC_DYNAMIC_NO_PIC = NO;
				GCC_NO_COMMON_BLOCKS = YES;
				GCC_OPTIMIZATION_LEVEL = 0;
				GCC_PREPROCESSOR_DEFINITIONS = (
					"DEBUG=1",
					"$(inherited)",
				);
				GCC_WARN_64_TO_32_BIT_CONVERSION = YES;
				GCC_WARN_ABOUT_RETURN_TYPE = YES_ERROR;
				GCC_WARN_UNDECLARED_SELECTOR = YES;
				GCC_WARN_UNINITIALIZED_AUTOS = YES_AGGRESSIVE;
				GCC_WARN_UNUSED_FUNCTION = YES;
				GCC_WARN_UNUSED_VARIABLE = YES;
				IPHONEOS_DEPLOYMENT_TARGET = 17.2;
				LOCALIZATION_PREFERS_STRING_CATALOGS = YES;
				MTL_ENABLE_DEBUG_INFO = INCLUDE_SOURCE;
				MTL_FAST_MATH = YES;
				ONLY_ACTIVE_ARCH = YES;
				SDKROOT = iphoneos;
				SWIFT_ACTIVE_COMPILATION_CONDITIONS = "DEBUG $(inherited)";
				SWIFT_OPTIMIZATION_LEVEL = "-Onone";
			};
			name = Debug;
		};
		9B2E20892B434864005AD0E5 /* Release */ = {
			isa = XCBuildConfiguration;
			buildSettings = {
				ALWAYS_SEARCH_USER_PATHS = NO;
				ASSETCATALOG_COMPILER_GENERATE_SWIFT_ASSET_SYMBOL_EXTENSIONS = YES;
				CLANG_ANALYZER_NONNULL = YES;
				CLANG_ANALYZER_NUMBER_OBJECT_CONVERSION = YES_AGGRESSIVE;
				CLANG_CXX_LANGUAGE_STANDARD = "gnu++20";
				CLANG_ENABLE_MODULES = YES;
				CLANG_ENABLE_OBJC_ARC = YES;
				CLANG_ENABLE_OBJC_WEAK = YES;
				CLANG_WARN_BLOCK_CAPTURE_AUTORELEASING = YES;
				CLANG_WARN_BOOL_CONVERSION = YES;
				CLANG_WARN_COMMA = YES;
				CLANG_WARN_CONSTANT_CONVERSION = YES;
				CLANG_WARN_DEPRECATED_OBJC_IMPLEMENTATIONS = YES;
				CLANG_WARN_DIRECT_OBJC_ISA_USAGE = YES_ERROR;
				CLANG_WARN_DOCUMENTATION_COMMENTS = YES;
				CLANG_WARN_EMPTY_BODY = YES;
				CLANG_WARN_ENUM_CONVERSION = YES;
				CLANG_WARN_INFINITE_RECURSION = YES;
				CLANG_WARN_INT_CONVERSION = YES;
				CLANG_WARN_NON_LITERAL_NULL_CONVERSION = YES;
				CLANG_WARN_OBJC_IMPLICIT_RETAIN_SELF = YES;
				CLANG_WARN_OBJC_LITERAL_CONVERSION = YES;
				CLANG_WARN_OBJC_ROOT_CLASS = YES_ERROR;
				CLANG_WARN_QUOTED_INCLUDE_IN_FRAMEWORK_HEADER = YES;
				CLANG_WARN_RANGE_LOOP_ANALYSIS = YES;
				CLANG_WARN_STRICT_PROTOTYPES = YES;
				CLANG_WARN_SUSPICIOUS_MOVE = YES;
				CLANG_WARN_UNGUARDED_AVAILABILITY = YES_AGGRESSIVE;
				CLANG_WARN_UNREACHABLE_CODE = YES;
				CLANG_WARN__DUPLICATE_METHOD_MATCH = YES;
				COPY_PHASE_STRIP = NO;
				DEBUG_INFORMATION_FORMAT = "dwarf-with-dsym";
				ENABLE_NS_ASSERTIONS = NO;
				ENABLE_STRICT_OBJC_MSGSEND = YES;
				ENABLE_USER_SCRIPT_SANDBOXING = YES;
				GCC_C_LANGUAGE_STANDARD = gnu17;
				GCC_NO_COMMON_BLOCKS = YES;
				GCC_WARN_64_TO_32_BIT_CONVERSION = YES;
				GCC_WARN_ABOUT_RETURN_TYPE = YES_ERROR;
				GCC_WARN_UNDECLARED_SELECTOR = YES;
				GCC_WARN_UNINITIALIZED_AUTOS = YES_AGGRESSIVE;
				GCC_WARN_UNUSED_FUNCTION = YES;
				GCC_WARN_UNUSED_VARIABLE = YES;
				IPHONEOS_DEPLOYMENT_TARGET = 17.2;
				LOCALIZATION_PREFERS_STRING_CATALOGS = YES;
				MTL_ENABLE_DEBUG_INFO = NO;
				MTL_FAST_MATH = YES;
				SDKROOT = iphoneos;
				SWIFT_COMPILATION_MODE = wholemodule;
				VALIDATE_PRODUCT = YES;
			};
			name = Release;
		};
		9B2E208B2B434864005AD0E5 /* Debug */ = {
			isa = XCBuildConfiguration;
			buildSettings = {
				ASSETCATALOG_COMPILER_APPICON_NAME = AppIcon;
				ASSETCATALOG_COMPILER_GLOBAL_ACCENT_COLOR_NAME = AccentColor;
				CODE_SIGN_STYLE = Automatic;
				CURRENT_PROJECT_VERSION = 1;
				GENERATE_INFOPLIST_FILE = YES;
				INFOPLIST_FILE = project1/Info.plist;
				INFOPLIST_KEY_UIApplicationSupportsIndirectInputEvents = YES;
				INFOPLIST_KEY_UILaunchStoryboardName = LaunchScreen;
				INFOPLIST_KEY_UISupportedInterfaceOrientations_iPad = "UIInterfaceOrientationPortrait UIInterfaceOrientationPortraitUpsideDown UIInterfaceOrientationLandscapeLeft UIInterfaceOrientationLandscapeRight";
				INFOPLIST_KEY_UISupportedInterfaceOrientations_iPhone = "UIInterfaceOrientationPortrait UIInterfaceOrientationLandscapeLeft UIInterfaceOrientationLandscapeRight";
				LD_RUNPATH_SEARCH_PATHS = (
					"$(inherited)",
					"@executable_path/Frameworks",
				);
				MARKETING_VERSION = 1.0;
				PRODUCT_BUNDLE_IDENTIFIER = "-.project1";
				PRODUCT_NAME = "$(TARGET_NAME)";
				SWIFT_EMIT_LOC_STRINGS = YES;
				SWIFT_VERSION = 5.0;
				TARGETED_DEVICE_FAMILY = "1,2";
			};
			name = Debug;
		};
		9B2E208C2B434864005AD0E5 /* Release */ = {
			isa = XCBuildConfiguration;
			buildSettings = {
				ASSETCATALOG_COMPILER_APPICON_NAME = AppIcon;
				ASSETCATALOG_COMPILER_GLOBAL_ACCENT_COLOR_NAME = AccentColor;
				CODE_SIGN_STYLE = Automatic;
				CURRENT_PROJECT_VERSION = 1;
				GENERATE_INFOPLIST_FILE = YES;
				INFOPLIST_FILE = project1/Info.plist;
				INFOPLIST_KEY_UIApplicationSupportsIndirectInputEvents = YES;
				INFOPLIST_KEY_UILaunchStoryboardName = LaunchScreen;
				INFOPLIST_KEY_UISupportedInterfaceOrientations_iPad = "UIInterfaceOrientationPortrait UIInterfaceOrientationPortraitUpsideDown UIInterfaceOrientationLandscapeLeft UIInterfaceOrientationLandscapeRight";
				INFOPLIST_KEY_UISupportedInterfaceOrientations_iPhone = "UIInterfaceOrientationPortrait UIInterfaceOrientationLandscapeLeft UIInterfaceOrientationLandscapeRight";
				LD_RUNPATH_SEARCH_PATHS = (
					"$(inherited)",
					"@executable_path/Frameworks",
				);
				MARKETING_VERSION = 1.0;
				PRODUCT_BUNDLE_IDENTIFIER = "-.project1";
				PRODUCT_NAME = "$(TARGET_NAME)";
				SWIFT_EMIT_LOC_STRINGS = YES;
				SWIFT_VERSION = 5.0;
				TARGETED_DEVICE_FAMILY = "1,2";
			};
			name = Release;
		};
		9B7518942B6E8BB000E86880 /* Debug */ = {
			isa = XCBuildConfiguration;
			buildSettings = {
				CODE_SIGN_STYLE = Automatic;
				CURRENT_PROJECT_VERSION = 1;
				GENERATE_INFOPLIST_FILE = YES;
				MARKETING_VERSION = 1.0;
				PRODUCT_BUNDLE_IDENTIFIER = "-.MyUITests";
				PRODUCT_NAME = "$(TARGET_NAME)";
				SWIFT_EMIT_LOC_STRINGS = NO;
				SWIFT_VERSION = 5.0;
				TARGETED_DEVICE_FAMILY = "1,2";
				TEST_TARGET_NAME = project1;
			};
			name = Debug;
		};
		9B7518952B6E8BB000E86880 /* Release */ = {
			isa = XCBuildConfiguration;
			buildSettings = {
				CODE_SIGN_STYLE = Automatic;
				CURRENT_PROJECT_VERSION = 1;
				GENERATE_INFOPLIST_FILE = YES;
				MARKETING_VERSION = 1.0;
				PRODUCT_BUNDLE_IDENTIFIER = "-.MyUITests";
				PRODUCT_NAME = "$(TARGET_NAME)";
				SWIFT_EMIT_LOC_STRINGS = NO;
				SWIFT_VERSION = 5.0;
				TARGETED_DEVICE_FAMILY = "1,2";
				TEST_TARGET_NAME = project1;
			};
			name = Release;
		};
		9B78131C2B6D3F1800478C69 /* Debug */ = {
			isa = XCBuildConfiguration;
			buildSettings = {
				BUNDLE_LOADER = "$(TEST_HOST)";
				CLANG_ENABLE_MODULES = YES;
				CODE_SIGN_STYLE = Automatic;
				CURRENT_PROJECT_VERSION = 1;
				GENERATE_INFOPLIST_FILE = YES;
				MARKETING_VERSION = 1.0;
				PRODUCT_BUNDLE_IDENTIFIER = "-.UnitTests";
				PRODUCT_NAME = "$(TARGET_NAME)";
				SWIFT_EMIT_LOC_STRINGS = NO;
				SWIFT_OBJC_BRIDGING_HEADER = "UnitTests/UnitTests-Bridging-Header.h";
				SWIFT_OPTIMIZATION_LEVEL = "-Onone";
				SWIFT_VERSION = 5.0;
				TARGETED_DEVICE_FAMILY = "1,2";
				TEST_HOST = "$(BUILT_PRODUCTS_DIR)/project1.app/$(BUNDLE_EXECUTABLE_FOLDER_PATH)/project1";
			};
			name = Debug;
		};
		9B78131D2B6D3F1800478C69 /* Release */ = {
			isa = XCBuildConfiguration;
			buildSettings = {
				BUNDLE_LOADER = "$(TEST_HOST)";
				CLANG_ENABLE_MODULES = YES;
				CODE_SIGN_STYLE = Automatic;
				CURRENT_PROJECT_VERSION = 1;
				GENERATE_INFOPLIST_FILE = YES;
				MARKETING_VERSION = 1.0;
				PRODUCT_BUNDLE_IDENTIFIER = "-.UnitTests";
				PRODUCT_NAME = "$(TARGET_NAME)";
				SWIFT_EMIT_LOC_STRINGS = NO;
				SWIFT_OBJC_BRIDGING_HEADER = "UnitTests/UnitTests-Bridging-Header.h";
				SWIFT_VERSION = 5.0;
				TARGETED_DEVICE_FAMILY = "1,2";
				TEST_HOST = "$(BUILT_PRODUCTS_DIR)/project1.app/$(BUNDLE_EXECUTABLE_FOLDER_PATH)/project1";
			};
			name = Release;
		};
/* End XCBuildConfiguration section */

/* Begin XCConfigurationList section */
		9B2E20712B434862005AD0E5 /* Build configuration list for PBXProject "project1" */ = {
			isa = XCConfigurationList;
			buildConfigurations = (
				9B2E20882B434864005AD0E5 /* Debug */,
				9B2E20892B434864005AD0E5 /* Release */,
			);
			defaultConfigurationIsVisible = 0;
			defaultConfigurationName = Release;
		};
		9B2E208A2B434864005AD0E5 /* Build configuration list for PBXNativeTarget "project1" */ = {
			isa = XCConfigurationList;
			buildConfigurations = (
				9B2E208B2B434864005AD0E5 /* Debug */,
				9B2E208C2B434864005AD0E5 /* Release */,
			);
			defaultConfigurationIsVisible = 0;
			defaultConfigurationName = Release;
		};
		9B7518932B6E8BB000E86880 /* Build configuration list for PBXNativeTarget "MyUITests" */ = {
			isa = XCConfigurationList;
			buildConfigurations = (
				9B7518942B6E8BB000E86880 /* Debug */,
				9B7518952B6E8BB000E86880 /* Release */,
			);
			defaultConfigurationIsVisible = 0;
			defaultConfigurationName = Release;
		};
		9B78131B2B6D3F1800478C69 /* Build configuration list for PBXNativeTarget "UnitTests" */ = {
			isa = XCConfigurationList;
			buildConfigurations = (
				9B78131C2B6D3F1800478C69 /* Debug */,
				9B78131D2B6D3F1800478C69 /* Release */,
			);
			defaultConfigurationIsVisible = 0;
			defaultConfigurationName = Release;
		};
/* End XCConfigurationList section */

/* Begin XCVersionGroup section */
		9B0991E32B6518650084B60A /* DataModel.xcdatamodeld */ = {
			isa = XCVersionGroup;
			children = (
				9B0991E42B6518650084B60A /* DataModel.xcdatamodel */,
			);
			currentVersion = 9B0991E42B6518650084B60A /* DataModel.xcdatamodel */;
			path = DataModel.xcdatamodeld;
			sourceTree = "<group>";
			versionGroupType = wrapper.xcdatamodel;
		};
/* End XCVersionGroup section */
	};
	rootObject = 9B2E206E2B434862005AD0E5 /* Project object */;
}
